// !$*UTF8*$!
{
	archiveVersion = 1;
	classes = {
	};
	objectVersion = 50;
	objects = {

/* Begin PBXBuildFile section */
		F234A9F822D60E8900757AC4 /* AppDelegate.swift in Sources */ = {isa = PBXBuildFile; fileRef = F234A9F722D60E8900757AC4 /* AppDelegate.swift */; };
		F234A9FA22D60E8900757AC4 /* GameScene.sks in Resources */ = {isa = PBXBuildFile; fileRef = F234A9F922D60E8900757AC4 /* GameScene.sks */; };
		F234A9FC22D60E8900757AC4 /* Actions.sks in Resources */ = {isa = PBXBuildFile; fileRef = F234A9FB22D60E8900757AC4 /* Actions.sks */; };
		F234A9FE22D60E8900757AC4 /* GameScene.swift in Sources */ = {isa = PBXBuildFile; fileRef = F234A9FD22D60E8900757AC4 /* GameScene.swift */; };
		F234AA0022D60E8900757AC4 /* ViewController.swift in Sources */ = {isa = PBXBuildFile; fileRef = F234A9FF22D60E8900757AC4 /* ViewController.swift */; };
		F234AA0222D60E8A00757AC4 /* Assets.xcassets in Resources */ = {isa = PBXBuildFile; fileRef = F234AA0122D60E8A00757AC4 /* Assets.xcassets */; };
		F234AA0522D60E8A00757AC4 /* Main.storyboard in Resources */ = {isa = PBXBuildFile; fileRef = F234AA0322D60E8A00757AC4 /* Main.storyboard */; };
/* End PBXBuildFile section */

/* Begin PBXFileReference section */
		F234A9F422D60E8900757AC4 /* engine_debugger.app */ = {isa = PBXFileReference; explicitFileType = wrapper.application; includeInIndex = 0; path = engine_debugger.app; sourceTree = BUILT_PRODUCTS_DIR; };
		F234A9F722D60E8900757AC4 /* AppDelegate.swift */ = {isa = PBXFileReference; lastKnownFileType = sourcecode.swift; path = AppDelegate.swift; sourceTree = "<group>"; };
		F234A9F922D60E8900757AC4 /* GameScene.sks */ = {isa = PBXFileReference; lastKnownFileType = file.sks; path = GameScene.sks; sourceTree = "<group>"; };
		F234A9FB22D60E8900757AC4 /* Actions.sks */ = {isa = PBXFileReference; lastKnownFileType = file.sks; path = Actions.sks; sourceTree = "<group>"; };
		F234A9FD22D60E8900757AC4 /* GameScene.swift */ = {isa = PBXFileReference; lastKnownFileType = sourcecode.swift; path = GameScene.swift; sourceTree = "<group>"; };
		F234A9FF22D60E8900757AC4 /* ViewController.swift */ = {isa = PBXFileReference; lastKnownFileType = sourcecode.swift; path = ViewController.swift; sourceTree = "<group>"; };
		F234AA0122D60E8A00757AC4 /* Assets.xcassets */ = {isa = PBXFileReference; lastKnownFileType = folder.assetcatalog; path = Assets.xcassets; sourceTree = "<group>"; };
		F234AA0422D60E8A00757AC4 /* Base */ = {isa = PBXFileReference; lastKnownFileType = file.storyboard; name = Base; path = Base.lproj/Main.storyboard; sourceTree = "<group>"; };
		F234AA0622D60E8A00757AC4 /* Info.plist */ = {isa = PBXFileReference; lastKnownFileType = text.plist.xml; path = Info.plist; sourceTree = "<group>"; };
		F234AA0722D60E8A00757AC4 /* engine_debugger.entitlements */ = {isa = PBXFileReference; lastKnownFileType = text.plist.entitlements; path = engine_debugger.entitlements; sourceTree = "<group>"; };
/* End PBXFileReference section */

/* Begin PBXFrameworksBuildPhase section */
		F234A9F122D60E8900757AC4 /* Frameworks */ = {
			isa = PBXFrameworksBuildPhase;
			buildActionMask = 2147483647;
			files = (
			);
			runOnlyForDeploymentPostprocessing = 0;
		};
/* End PBXFrameworksBuildPhase section */

/* Begin PBXGroup section */
		F234A9EB22D60E8900757AC4 = {
			isa = PBXGroup;
			children = (
				F234A9F622D60E8900757AC4 /* engine */,
				F234A9F522D60E8900757AC4 /* Products */,
			);
			sourceTree = "<group>";
		};
		F234A9F522D60E8900757AC4 /* Products */ = {
			isa = PBXGroup;
			children = (
				F234A9F422D60E8900757AC4 /* engine_debugger.app */,
			);
			name = Products;
			sourceTree = "<group>";
		};
		F234A9F622D60E8900757AC4 /* engine */ = {
			isa = PBXGroup;
			children = (
				F234A9F722D60E8900757AC4 /* AppDelegate.swift */,
				F234A9F922D60E8900757AC4 /* GameScene.sks */,
				F234A9FB22D60E8900757AC4 /* Actions.sks */,
				F234A9FD22D60E8900757AC4 /* GameScene.swift */,
				F234A9FF22D60E8900757AC4 /* ViewController.swift */,
				F234AA0122D60E8A00757AC4 /* Assets.xcassets */,
				F234AA0322D60E8A00757AC4 /* Main.storyboard */,
				F234AA0622D60E8A00757AC4 /* Info.plist */,
				F234AA0722D60E8A00757AC4 /* engine_debugger.entitlements */,
			);
			path = engine;
			sourceTree = "<group>";
		};
/* End PBXGroup section */

/* Begin PBXNativeTarget section */
		F234A9F322D60E8900757AC4 /* engine_debugger */ = {
			isa = PBXNativeTarget;
			buildConfigurationList = F234AA0A22D60E8A00757AC4 /* Build configuration list for PBXNativeTarget "engine_debugger" */;
			buildPhases = (
				F234A9F022D60E8900757AC4 /* Sources */,
				F234A9F122D60E8900757AC4 /* Frameworks */,
				F234A9F222D60E8900757AC4 /* Resources */,
			);
			buildRules = (
			);
			dependencies = (
			);
			name = engine_debugger;
			productName = afadsafasdagasdasd;
			productReference = F234A9F422D60E8900757AC4 /* engine_debugger.app */;
			productType = "com.apple.product-type.application";
		};
/* End PBXNativeTarget section */

/* Begin PBXProject section */
		F234A9EC22D60E8900757AC4 /* Project object */ = {
			isa = PBXProject;
			attributes = {
				LastSwiftUpdateCheck = 1020;
				LastUpgradeCheck = 1120;
				ORGANIZATIONNAME = sh;
				TargetAttributes = {
					F234A9F322D60E8900757AC4 = {
						CreatedOnToolsVersion = 10.2.1;
					};
				};
			};
			buildConfigurationList = F234A9EF22D60E8900757AC4 /* Build configuration list for PBXProject "engine_debugger" */;
			compatibilityVersion = "Xcode 9.3";
			developmentRegion = en;
			hasScannedForEncodings = 0;
			knownRegions = (
				en,
				Base,
			);
			mainGroup = F234A9EB22D60E8900757AC4;
			productRefGroup = F234A9F522D60E8900757AC4 /* Products */;
			projectDirPath = "";
			projectRoot = "";
			targets = (
				F234A9F322D60E8900757AC4 /* engine_debugger */,
			);
		};
/* End PBXProject section */

/* Begin PBXResourcesBuildPhase section */
		F234A9F222D60E8900757AC4 /* Resources */ = {
			isa = PBXResourcesBuildPhase;
			buildActionMask = 2147483647;
			files = (
				F234A9FA22D60E8900757AC4 /* GameScene.sks in Resources */,
				F234AA0222D60E8A00757AC4 /* Assets.xcassets in Resources */,
				F234A9FC22D60E8900757AC4 /* Actions.sks in Resources */,
				F234AA0522D60E8A00757AC4 /* Main.storyboard in Resources */,
			);
			runOnlyForDeploymentPostprocessing = 0;
		};
/* End PBXResourcesBuildPhase section */

/* Begin PBXSourcesBuildPhase section */
		F234A9F022D60E8900757AC4 /* Sources */ = {
			isa = PBXSourcesBuildPhase;
			buildActionMask = 2147483647;
			files = (
				F234AA0022D60E8900757AC4 /* ViewController.swift in Sources */,
				F234A9FE22D60E8900757AC4 /* GameScene.swift in Sources */,
				F234A9F822D60E8900757AC4 /* AppDelegate.swift in Sources */,
			);
			runOnlyForDeploymentPostprocessing = 0;
		};
/* End PBXSourcesBuildPhase section */

/* Begin PBXVariantGroup section */
		F234AA0322D60E8A00757AC4 /* Main.storyboard */ = {
			isa = PBXVariantGroup;
			children = (
				F234AA0422D60E8A00757AC4 /* Base */,
			);
			name = Main.storyboard;
			sourceTree = "<group>";
		};
/* End PBXVariantGroup section */

/* Begin XCBuildConfiguration section */
		F234AA0822D60E8A00757AC4 /* Debug */ = {
			isa = XCBuildConfiguration;
			buildSettings = {
				ALWAYS_SEARCH_USER_PATHS = NO;
				CLANG_ANALYZER_NONNULL = YES;
				CLANG_ANALYZER_NUMBER_OBJECT_CONVERSION = YES_AGGRESSIVE;
				CLANG_CXX_LANGUAGE_STANDARD = "gnu++14";
				CLANG_CXX_LIBRARY = "libc++";
				CLANG_ENABLE_MODULES = YES;
				CLANG_ENABLE_OBJC_ARC = YES;
				CLANG_ENABLE_OBJC_WEAK = YES;
				CLANG_WARN_BLOCK_CAPTURE_AUTORELEASING = YES;
				CLANG_WARN_BOOL_CONVERSION = YES;
				CLANG_WARN_COMMA = YES;
				CLANG_WARN_CONSTANT_CONVERSION = YES;
				CLANG_WARN_DEPRECATED_OBJC_IMPLEMENTATIONS = YES;
				CLANG_WARN_DIRECT_OBJC_ISA_USAGE = YES_ERROR;
				CLANG_WARN_DOCUMENTATION_COMMENTS = YES;
				CLANG_WARN_EMPTY_BODY = YES;
				CLANG_WARN_ENUM_CONVERSION = YES;
				CLANG_WARN_INFINITE_RECURSION = YES;
				CLANG_WARN_INT_CONVERSION = YES;
				CLANG_WARN_NON_LITERAL_NULL_CONVERSION = YES;
				CLANG_WARN_OBJC_IMPLICIT_RETAIN_SELF = YES;
				CLANG_WARN_OBJC_LITERAL_CONVERSION = YES;
				CLANG_WARN_OBJC_ROOT_CLASS = YES_ERROR;
				CLANG_WARN_RANGE_LOOP_ANALYSIS = YES;
				CLANG_WARN_STRICT_PROTOTYPES = YES;
				CLANG_WARN_SUSPICIOUS_MOVE = YES;
				CLANG_WARN_UNGUARDED_AVAILABILITY = YES_AGGRESSIVE;
				CLANG_WARN_UNREACHABLE_CODE = YES;
				CLANG_WARN__DUPLICATE_METHOD_MATCH = YES;
				CODE_SIGN_IDENTITY = "Mac Developer";
				COPY_PHASE_STRIP = NO;
				DEBUG_INFORMATION_FORMAT = dwarf;
				ENABLE_STRICT_OBJC_MSGSEND = YES;
				ENABLE_TESTABILITY = YES;
				GCC_C_LANGUAGE_STANDARD = gnu11;
				GCC_DYNAMIC_NO_PIC = NO;
				GCC_NO_COMMON_BLOCKS = YES;
				GCC_OPTIMIZATION_LEVEL = 0;
				GCC_PREPROCESSOR_DEFINITIONS = (
					"DEBUG=1",
					"$(inherited)",
				);
				GCC_WARN_64_TO_32_BIT_CONVERSION = YES;
				GCC_WARN_ABOUT_RETURN_TYPE = YES_ERROR;
				GCC_WARN_UNDECLARED_SELECTOR = YES;
				GCC_WARN_UNINITIALIZED_AUTOS = YES_AGGRESSIVE;
				GCC_WARN_UNUSED_FUNCTION = YES;
				GCC_WARN_UNUSED_VARIABLE = YES;
				MACOSX_DEPLOYMENT_TARGET = 10.14;
				MTL_ENABLE_DEBUG_INFO = INCLUDE_SOURCE;
				MTL_FAST_MATH = YES;
				ONLY_ACTIVE_ARCH = YES;
				SDKROOT = macosx;
				SWIFT_ACTIVE_COMPILATION_CONDITIONS = DEBUG;
				SWIFT_OPTIMIZATION_LEVEL = "-Onone";
			};
			name = Debug;
		};
		F234AA0922D60E8A00757AC4 /* Release */ = {
			isa = XCBuildConfiguration;
			buildSettings = {
				ALWAYS_SEARCH_USER_PATHS = NO;
				CLANG_ANALYZER_NONNULL = YES;
				CLANG_ANALYZER_NUMBER_OBJECT_CONVERSION = YES_AGGRESSIVE;
				CLANG_CXX_LANGUAGE_STANDARD = "gnu++14";
				CLANG_CXX_LIBRARY = "libc++";
				CLANG_ENABLE_MODULES = YES;
				CLANG_ENABLE_OBJC_ARC = YES;
				CLANG_ENABLE_OBJC_WEAK = YES;
				CLANG_WARN_BLOCK_CAPTURE_AUTORELEASING = YES;
				CLANG_WARN_BOOL_CONVERSION = YES;
				CLANG_WARN_COMMA = YES;
				CLANG_WARN_CONSTANT_CONVERSION = YES;
				CLANG_WARN_DEPRECATED_OBJC_IMPLEMENTATIONS = YES;
				CLANG_WARN_DIRECT_OBJC_ISA_USAGE = YES_ERROR;
				CLANG_WARN_DOCUMENTATION_COMMENTS = YES;
				CLANG_WARN_EMPTY_BODY = YES;
				CLANG_WARN_ENUM_CONVERSION = YES;
				CLANG_WARN_INFINITE_RECURSION = YES;
				CLANG_WARN_INT_CONVERSION = YES;
				CLANG_WARN_NON_LITERAL_NULL_CONVERSION = YES;
				CLANG_WARN_OBJC_IMPLICIT_RETAIN_SELF = YES;
				CLANG_WARN_OBJC_LITERAL_CONVERSION = YES;
				CLANG_WARN_OBJC_ROOT_CLASS = YES_ERROR;
				CLANG_WARN_RANGE_LOOP_ANALYSIS = YES;
				CLANG_WARN_STRICT_PROTOTYPES = YES;
				CLANG_WARN_SUSPICIOUS_MOVE = YES;
				CLANG_WARN_UNGUARDED_AVAILABILITY = YES_AGGRESSIVE;
				CLANG_WARN_UNREACHABLE_CODE = YES;
				CLANG_WARN__DUPLICATE_METHOD_MATCH = YES;
				CODE_SIGN_IDENTITY = "Mac Developer";
				COPY_PHASE_STRIP = NO;
				DEBUG_INFORMATION_FORMAT = "dwarf-with-dsym";
				ENABLE_NS_ASSERTIONS = NO;
				ENABLE_STRICT_OBJC_MSGSEND = YES;
				GCC_C_LANGUAGE_STANDARD = gnu11;
				GCC_NO_COMMON_BLOCKS = YES;
				GCC_WARN_64_TO_32_BIT_CONVERSION = YES;
				GCC_WARN_ABOUT_RETURN_TYPE = YES_ERROR;
				GCC_WARN_UNDECLARED_SELECTOR = YES;
				GCC_WARN_UNINITIALIZED_AUTOS = YES_AGGRESSIVE;
				GCC_WARN_UNUSED_FUNCTION = YES;
				GCC_WARN_UNUSED_VARIABLE = YES;
				MACOSX_DEPLOYMENT_TARGET = 10.14;
				MTL_ENABLE_DEBUG_INFO = INCLUDE_SOURCE;
				MTL_FAST_MATH = YES;
				SDKROOT = macosx;
				SWIFT_COMPILATION_MODE = wholemodule;
				SWIFT_OPTIMIZATION_LEVEL = "-O";
			};
			name = Release;
		};
		F234AA0B22D60E8A00757AC4 /* Debug */ = {
			isa = XCBuildConfiguration;
			buildSettings = {
				ASSETCATALOG_COMPILER_APPICON_NAME = AppIcon;
				CODE_SIGN_ENTITLEMENTS = engine/engine_debugger.entitlements;
				CODE_SIGN_IDENTITY = "-";
				CODE_SIGN_STYLE = Automatic;
				COMBINE_HIDPI_IMAGES = YES;
				DEVELOPMENT_TEAM = 8EHD5BDQNR;
				INFOPLIST_FILE = engine/Info.plist;
				LD_RUNPATH_SEARCH_PATHS = (
					"$(inherited)",
					"@executable_path/../Frameworks",
				);
				PRODUCT_BUNDLE_IDENTIFIER = com.seivanheidari.enginedebugger;
				PRODUCT_NAME = "$(TARGET_NAME)";
				SWIFT_VERSION = 5.0;
			};
			name = Debug;
		};
		F234AA0C22D60E8A00757AC4 /* Release */ = {
			isa = XCBuildConfiguration;
			buildSettings = {
				ASSETCATALOG_COMPILER_APPICON_NAME = AppIcon;
				CODE_SIGN_ENTITLEMENTS = engine/engine_debugger.entitlements;
				CODE_SIGN_IDENTITY = "-";
				CODE_SIGN_STYLE = Automatic;
				COMBINE_HIDPI_IMAGES = YES;
				DEVELOPMENT_TEAM = 8EHD5BDQNR;
				INFOPLIST_FILE = engine/Info.plist;
				LD_RUNPATH_SEARCH_PATHS = (
					"$(inherited)",
					"@executable_path/../Frameworks",
				);
				PRODUCT_BUNDLE_IDENTIFIER = com.seivanheidari.enginedebugger;
				PRODUCT_NAME = "$(TARGET_NAME)";
				SWIFT_VERSION = 5.0;
			};
			name = Release;
		};
/* End XCBuildConfiguration section */

/* Begin XCConfigurationList section */
		F234A9EF22D60E8900757AC4 /* Build configuration list for PBXProject "engine_debugger" */ = {
			isa = XCConfigurationList;
			buildConfigurations = (
				F234AA0822D60E8A00757AC4 /* Debug */,
				F234AA0922D60E8A00757AC4 /* Release */,
			);
			defaultConfigurationIsVisible = 0;
			defaultConfigurationName = Release;
		};
		F234AA0A22D60E8A00757AC4 /* Build configuration list for PBXNativeTarget "engine_debugger" */ = {
			isa = XCConfigurationList;
			buildConfigurations = (
				F234AA0B22D60E8A00757AC4 /* Debug */,
				F234AA0C22D60E8A00757AC4 /* Release */,
			);
			defaultConfigurationIsVisible = 0;
			defaultConfigurationName = Release;
		};
/* End XCConfigurationList section */
	};
	rootObject = F234A9EC22D60E8900757AC4 /* Project object */;
}
